Microsoft Visual Studio Solution File, Format Version 11.00
# Visual Studio 2010
Project("{FAE04EC0-301F-11D3-BF4B-00C04F79EFBC}") = "Businessobject", "..\..\..\Designer\source\FastTrack\Tspd\Businessobject\Businessobject.csproj", "{794D8DF9-5265-4FE8-B37A-8F7407710149}"
EndProject
Project("{FAE04EC0-301F-11D3-BF4B-00C04F79EFBC}") = "FormBase", "..\..\..\Designer\source\FastTrack\Tspd\FormBase\FormBase.csproj", "{37FD300E-9DE5-4E45-AA37-94F84876BAAF}"
EndProject
Project("{FAE04EC0-301F-11D3-BF4B-00C04F79EFBC}") = "IcpMgrs", "..\..\..\Designer\source\FastTrack\Tspd\Icp\Icpmgr\IcpMgrs.csproj", "{A0BB22E6-FF39-4788-8902-23F940984E5A}"
EndProject
Project("{FAE04EC0-301F-11D3-BF4B-00C04F79EFBC}") = "Macros", "..\..\..\Designer\source\FastTrack\Tspd\Macros\Macros.csproj", "{88A134A3-91EE-4131-A05B-BB8C813B6C00}"
EndProject
Project("{FAE04EC0-301F-11D3-BF4B-00C04F79EFBC}") = "Tspddoc", "..\..\..\Designer\source\FastTrack\Tspd\Tspddoc\Tspddoc.csproj", "{57B0AD2C-2F67-45A1-AFC6-82CA77D60240}"
EndProject
Project("{FAE04EC0-301F-11D3-BF4B-00C04F79EFBC}") = "Utilities", "..\..\..\Designer\source\FastTrack\Tspd\Utilities\Utilities.csproj", "{04445F88-CA61-42DC-9105-0ABE930486CA}"
EndProject
Project("{FAE04EC0-301F-11D3-BF4B-00C04F79EFBC}") = "MacroBase", "..\..\..\Designer\source\FastTrack\Tspd\MacroBase\MacroBase.csproj", "{F533257C-8695-40E8-9EAF-4A37163F6643}"
EndProject
Project("{FAE04EC0-301F-11D3-BF4B-00C04F79EFBC}") = "Controller", "..\..\..\Designer\source\FastTrack\Tspd\Controller\Controller.csproj", "{4F9F1559-36EC-4FDD-9FD5-75302DCB4EB0}"
EndProject
Project("{FAE04EC0-301F-11D3-BF4B-00C04F79EFBC}") = "NavBridge", "..\..\..\Designer\source\FastTrack\Tspd\Bridge\NavBridge.csproj", "{FE8004FB-081E-44E4-84FD-176587790140}"
EndProject
Project("{FAE04EC0-301F-11D3-BF4B-00C04F79EFBC}") = "DocDiff", "..\..\..\Designer\source\FastTrack\Tspd\DocDiff\DocDiff.csproj", "{4CE72E72-7B3C-4541-AC60-0058766650CB}"
EndProject
Project("{FAE04EC0-301F-11D3-BF4B-00C04F79EFBC}") = "Rules", "..\..\..\Designer\source\FastTrack\Tspd\Rules\Rules.csproj", "{A28FAE24-AA45-48FD-A961-5ECD9F792425}"
EndProject
Project("{FAE04EC0-301F-11D3-BF4B-00C04F79EFBC}") = "WordReports", "..\..\..\Designer\source\FastTrack\Tspd\WordReports\WordReports.csproj", "{256AFCDE-8579-480B-B8AD-C57196B7A5CE}"
EndProject
Project("{FAE04EC0-301F-11D3-BF4B-00C04F79EFBC}") = "Janetstubs", "..\..\..\Designer\source\FastTrack\Tspd\Janetstubs\Janetstubs.csproj", "{2C5485FC-CAA4-458A-B6BF-7E501BAF51F5}"
EndProject
Project("{FAE04EC0-301F-11D3-BF4B-00C04F79EFBC}") = "ProtocolDTs", "ProtocolDTs\ProtocolDTs.csproj", "{79FEFEC2-BE72-42FA-B7CF-3752E11FB942}"
EndProject
Project("{FAE04EC0-301F-11D3-BF4B-00C04F79EFBC}") = "WinUtilities", "..\..\..\Designer\source\FastTrack\Tspd\WinUtilities\WinUtilities.csproj", "{AD373B4A-A26B-4837-B3BE-973746FD524A}"
EndProject
Project("{FAE04EC0-301F-11D3-BF4B-00C04F79EFBC}") = "IcdMgr", "..\..\..\Designer\source\FastTrack\Tspd\IcdMgr\IcdMgr.csproj", "{67D8A0CE-4D40-4961-B554-A167173DBF34}"
EndProject
Project("{FAE04EC0-301F-11D3-BF4B-00C04F79EFBC}") = "WpfControls", "..\..\..\Designer\source\FastTrack\Tspd\WpfControls\WpfControls.csproj", "{76BCC4DC-27CD-44BD-A935-1CB300C59D32}"
EndProject
Global
	GlobalSection(SolutionConfigurationPlatforms) = preSolution
		Debug|Any CPU = Debug|Any CPU
		Debug|x86 = Debug|x86
		Release|Any CPU = Release|Any CPU
		Release|x86 = Release|x86
		WAM Only Debug|Any CPU = WAM Only Debug|Any CPU
		WAM Only Debug|x86 = WAM Only Debug|x86
	EndGlobalSection
	GlobalSection(ProjectConfigurationPlatforms) = postSolution
		{794D8DF9-5265-4FE8-B37A-8F7407710149}.Debug|Any CPU.ActiveCfg = Debug|x86
		{794D8DF9-5265-4FE8-B37A-8F7407710149}.Debug|Any CPU.Build.0 = Debug|x86
		{794D8DF9-5265-4FE8-B37A-8F7407710149}.Debug|x86.ActiveCfg = Debug|x86
		{794D8DF9-5265-4FE8-B37A-8F7407710149}.Release|Any CPU.ActiveCfg = Release|x86
		{794D8DF9-5265-4FE8-B37A-8F7407710149}.Release|x86.ActiveCfg = Release|x86
		{794D8DF9-5265-4FE8-B37A-8F7407710149}.WAM Only Debug|Any CPU.ActiveCfg = Debug|x86
		{794D8DF9-5265-4FE8-B37A-8F7407710149}.WAM Only Debug|x86.ActiveCfg = Debug|x86
		{794D8DF9-5265-4FE8-B37A-8F7407710149}.WAM Only Debug|x86.Build.0 = Debug|x86
		{37FD300E-9DE5-4E45-AA37-94F84876BAAF}.Debug|Any CPU.ActiveCfg = Debug|x86
		{37FD300E-9DE5-4E45-AA37-94F84876BAAF}.Debug|Any CPU.Build.0 = Debug|x86
		{37FD300E-9DE5-4E45-AA37-94F84876BAAF}.Debug|x86.ActiveCfg = Debug|x86
		{37FD300E-9DE5-4E45-AA37-94F84876BAAF}.Release|Any CPU.ActiveCfg = Release|x86
		{37FD300E-9DE5-4E45-AA37-94F84876BAAF}.Release|x86.ActiveCfg = Release|x86
		{37FD300E-9DE5-4E45-AA37-94F84876BAAF}.WAM Only Debug|Any CPU.ActiveCfg = Debug|x86
		{37FD300E-9DE5-4E45-AA37-94F84876BAAF}.WAM Only Debug|x86.ActiveCfg = Debug|x86
		{37FD300E-9DE5-4E45-AA37-94F84876BAAF}.WAM Only Debug|x86.Build.0 = Debug|x86
		{A0BB22E6-FF39-4788-8902-23F940984E5A}.Debug|Any CPU.ActiveCfg = Debug|x86
		{A0BB22E6-FF39-4788-8902-23F940984E5A}.Debug|Any CPU.Build.0 = Debug|x86
		{A0BB22E6-FF39-4788-8902-23F940984E5A}.Debug|x86.ActiveCfg = Debug|x86
		{A0BB22E6-FF39-4788-8902-23F940984E5A}.Release|Any CPU.ActiveCfg = Release|x86
		{A0BB22E6-FF39-4788-8902-23F940984E5A}.Release|x86.ActiveCfg = Release|x86
		{A0BB22E6-FF39-4788-8902-23F940984E5A}.WAM Only Debug|Any CPU.ActiveCfg = Debug|x86
		{A0BB22E6-FF39-4788-8902-23F940984E5A}.WAM Only Debug|x86.ActiveCfg = Debug|x86
		{A0BB22E6-FF39-4788-8902-23F940984E5A}.WAM Only Debug|x86.Build.0 = Debug|x86
		{88A134A3-91EE-4131-A05B-BB8C813B6C00}.Debug|Any CPU.ActiveCfg = Debug|x86
		{88A134A3-91EE-4131-A05B-BB8C813B6C00}.Debug|Any CPU.Build.0 = Debug|x86
		{88A134A3-91EE-4131-A05B-BB8C813B6C00}.Debug|x86.ActiveCfg = Debug|x86
		{88A134A3-91EE-4131-A05B-BB8C813B6C00}.Release|Any CPU.ActiveCfg = Release|x86
		{88A134A3-91EE-4131-A05B-BB8C813B6C00}.Release|x86.ActiveCfg = Release|x86
		{88A134A3-91EE-4131-A05B-BB8C813B6C00}.WAM Only Debug|Any CPU.ActiveCfg = Debug|x86
		{88A134A3-91EE-4131-A05B-BB8C813B6C00}.WAM Only Debug|x86.ActiveCfg = Debug|x86
		{88A134A3-91EE-4131-A05B-BB8C813B6C00}.WAM Only Debug|x86.Build.0 = Debug|x86
		{57B0AD2C-2F67-45A1-AFC6-82CA77D60240}.Debug|Any CPU.ActiveCfg = Debug|x86
		{57B0AD2C-2F67-45A1-AFC6-82CA77D60240}.Debug|Any CPU.Build.0 = Debug|x86
		{57B0AD2C-2F67-45A1-AFC6-82CA77D60240}.Debug|x86.ActiveCfg = Debug|x86
		{57B0AD2C-2F67-45A1-AFC6-82CA77D60240}.Release|Any CPU.ActiveCfg = Release|x86
		{57B0AD2C-2F67-45A1-AFC6-82CA77D60240}.Release|x86.ActiveCfg = Release|x86
		{57B0AD2C-2F67-45A1-AFC6-82CA77D60240}.WAM Only Debug|Any CPU.ActiveCfg = Debug|x86
		{57B0AD2C-2F67-45A1-AFC6-82CA77D60240}.WAM Only Debug|x86.ActiveCfg = Debug|x86
		{57B0AD2C-2F67-45A1-AFC6-82CA77D60240}.WAM Only Debug|x86.Build.0 = Debug|x86
		{04445F88-CA61-42DC-9105-0ABE930486CA}.Debug|Any CPU.ActiveCfg = Debug|x86
		{04445F88-CA61-42DC-9105-0ABE930486CA}.Debug|Any CPU.Build.0 = Debug|x86
		{04445F88-CA61-42DC-9105-0ABE930486CA}.Debug|x86.ActiveCfg = Debug|x86
		{04445F88-CA61-42DC-9105-0ABE930486CA}.Release|Any CPU.ActiveCfg = Release|x86
		{04445F88-CA61-42DC-9105-0ABE930486CA}.Release|x86.ActiveCfg = Release|x86
		{04445F88-CA61-42DC-9105-0ABE930486CA}.WAM Only Debug|Any CPU.ActiveCfg = WAM Only Debug|x86
		{04445F88-CA61-42DC-9105-0ABE930486CA}.WAM Only Debug|x86.ActiveCfg = WAM Only Debug|x86
		{F533257C-8695-40E8-9EAF-4A37163F6643}.Debug|Any CPU.ActiveCfg = Debug|x86
		{F533257C-8695-40E8-9EAF-4A37163F6643}.Debug|Any CPU.Build.0 = Debug|x86
		{F533257C-8695-40E8-9EAF-4A37163F6643}.Debug|x86.ActiveCfg = Debug|x86
		{F533257C-8695-40E8-9EAF-4A37163F6643}.Release|Any CPU.ActiveCfg = Release|x86
		{F533257C-8695-40E8-9EAF-4A37163F6643}.Release|x86.ActiveCfg = Release|x86
		{F533257C-8695-40E8-9EAF-4A37163F6643}.WAM Only Debug|Any CPU.ActiveCfg = Debug|x86
		{F533257C-8695-40E8-9EAF-4A37163F6643}.WAM Only Debug|x86.ActiveCfg = Debug|x86
		{F533257C-8695-40E8-9EAF-4A37163F6643}.WAM Only Debug|x86.Build.0 = Debug|x86
		{4F9F1559-36EC-4FDD-9FD5-75302DCB4EB0}.Debug|Any CPU.ActiveCfg = Debug|x86
		{4F9F1559-36EC-4FDD-9FD5-75302DCB4EB0}.Debug|Any CPU.Build.0 = Debug|x86
		{4F9F1559-36EC-4FDD-9FD5-75302DCB4EB0}.Debug|x86.ActiveCfg = Debug|x86
		{4F9F1559-36EC-4FDD-9FD5-75302DCB4EB0}.Release|Any CPU.ActiveCfg = Release|x86
		{4F9F1559-36EC-4FDD-9FD5-75302DCB4EB0}.Release|x86.ActiveCfg = Release|x86
		{4F9F1559-36EC-4FDD-9FD5-75302DCB4EB0}.WAM Only Debug|Any CPU.ActiveCfg = Debug|x86
		{4F9F1559-36EC-4FDD-9FD5-75302DCB4EB0}.WAM Only Debug|x86.ActiveCfg = Debug|x86
		{4F9F1559-36EC-4FDD-9FD5-75302DCB4EB0}.WAM Only Debug|x86.Build.0 = Debug|x86
		{FE8004FB-081E-44E4-84FD-176587790140}.Debug|Any CPU.ActiveCfg = Debug|x86
		{FE8004FB-081E-44E4-84FD-176587790140}.Debug|Any CPU.Build.0 = Debug|x86
		{FE8004FB-081E-44E4-84FD-176587790140}.Debug|x86.ActiveCfg = Debug|x86
		{FE8004FB-081E-44E4-84FD-176587790140}.Release|Any CPU.ActiveCfg = Release|x86
		{FE8004FB-081E-44E4-84FD-176587790140}.Release|x86.ActiveCfg = Release|x86
		{FE8004FB-081E-44E4-84FD-176587790140}.WAM Only Debug|Any CPU.ActiveCfg = Debug|x86
		{FE8004FB-081E-44E4-84FD-176587790140}.WAM Only Debug|x86.ActiveCfg = Debug|x86
		{FE8004FB-081E-44E4-84FD-176587790140}.WAM Only Debug|x86.Build.0 = Debug|x86
		{4CE72E72-7B3C-4541-AC60-0058766650CB}.Debug|Any CPU.ActiveCfg = Debug|x86
		{4CE72E72-7B3C-4541-AC60-0058766650CB}.Debug|Any CPU.Build.0 = Debug|x86
		{4CE72E72-7B3C-4541-AC60-0058766650CB}.Debug|x86.ActiveCfg = Debug|x86
		{4CE72E72-7B3C-4541-AC60-0058766650CB}.Release|Any CPU.ActiveCfg = Release|x86
		{4CE72E72-7B3C-4541-AC60-0058766650CB}.Release|x86.ActiveCfg = Release|x86
		{4CE72E72-7B3C-4541-AC60-0058766650CB}.WAM Only Debug|Any CPU.ActiveCfg = Debug|x86
		{4CE72E72-7B3C-4541-AC60-0058766650CB}.WAM Only Debug|x86.ActiveCfg = Debug|x86
		{4CE72E72-7B3C-4541-AC60-0058766650CB}.WAM Only Debug|x86.Build.0 = Debug|x86
		{A28FAE24-AA45-48FD-A961-5ECD9F792425}.Debug|Any CPU.ActiveCfg = Debug|x86
		{A28FAE24-AA45-48FD-A961-5ECD9F792425}.Debug|Any CPU.Build.0 = Debug|x86
		{A28FAE24-AA45-48FD-A961-5ECD9F792425}.Debug|x86.ActiveCfg = Debug|x86
		{A28FAE24-AA45-48FD-A961-5ECD9F792425}.Release|Any CPU.ActiveCfg = Release|x86
		{A28FAE24-AA45-48FD-A961-5ECD9F792425}.Release|x86.ActiveCfg = Release|x86
		{A28FAE24-AA45-48FD-A961-5ECD9F792425}.WAM Only Debug|Any CPU.ActiveCfg = Debug|x86
		{A28FAE24-AA45-48FD-A961-5ECD9F792425}.WAM Only Debug|x86.ActiveCfg = Debug|x86
		{A28FAE24-AA45-48FD-A961-5ECD9F792425}.WAM Only Debug|x86.Build.0 = Debug|x86
		{256AFCDE-8579-480B-B8AD-C57196B7A5CE}.Debug|Any CPU.ActiveCfg = Debug|x86
		{256AFCDE-8579-480B-B8AD-C57196B7A5CE}.Debug|Any CPU.Build.0 = Debug|x86
		{256AFCDE-8579-480B-B8AD-C57196B7A5CE}.Debug|x86.ActiveCfg = Debug|x86
		{256AFCDE-8579-480B-B8AD-C57196B7A5CE}.Release|Any CPU.ActiveCfg = Release|x86
		{256AFCDE-8579-480B-B8AD-C57196B7A5CE}.Release|x86.ActiveCfg = Release|x86
		{256AFCDE-8579-480B-B8AD-C57196B7A5CE}.WAM Only Debug|Any CPU.ActiveCfg = Debug|x86
		{256AFCDE-8579-480B-B8AD-C57196B7A5CE}.WAM Only Debug|x86.ActiveCfg = Debug|x86
		{256AFCDE-8579-480B-B8AD-C57196B7A5CE}.WAM Only Debug|x86.Build.0 = Debug|x86
		{2C5485FC-CAA4-458A-B6BF-7E501BAF51F5}.Debug|Any CPU.ActiveCfg = Debug|x86
		{2C5485FC-CAA4-458A-B6BF-7E501BAF51F5}.Debug|Any CPU.Build.0 = Debug|x86
		{2C5485FC-CAA4-458A-B6BF-7E501BAF51F5}.Debug|x86.ActiveCfg = Debug|x86
		{2C5485FC-CAA4-458A-B6BF-7E501BAF51F5}.Release|Any CPU.ActiveCfg = Release|x86
		{2C5485FC-CAA4-458A-B6BF-7E501BAF51F5}.Release|x86.ActiveCfg = Release|x86
		{2C5485FC-CAA4-458A-B6BF-7E501BAF51F5}.WAM Only Debug|Any CPU.ActiveCfg = Debug|x86
		{2C5485FC-CAA4-458A-B6BF-7E501BAF51F5}.WAM Only Debug|x86.ActiveCfg = Debug|x86
		{2C5485FC-CAA4-458A-B6BF-7E501BAF51F5}.WAM Only Debug|x86.Build.0 = Debug|x86
		{79FEFEC2-BE72-42FA-B7CF-3752E11FB942}.Debug|Any CPU.ActiveCfg = Debug|x86
		{79FEFEC2-BE72-42FA-B7CF-3752E11FB942}.Debug|Any CPU.Build.0 = Debug|x86
		{79FEFEC2-BE72-42FA-B7CF-3752E11FB942}.Debug|x86.ActiveCfg = Debug|x86
		{79FEFEC2-BE72-42FA-B7CF-3752E11FB942}.Debug|x86.Build.0 = Debug|x86
		{79FEFEC2-BE72-42FA-B7CF-3752E11FB942}.Release|Any CPU.ActiveCfg = Release|x86
		{79FEFEC2-BE72-42FA-B7CF-3752E11FB942}.Release|Any CPU.Build.0 = Release|x86
		{79FEFEC2-BE72-42FA-B7CF-3752E11FB942}.Release|x86.ActiveCfg = Release|x86
		{79FEFEC2-BE72-42FA-B7CF-3752E11FB942}.Release|x86.Build.0 = Release|x86
		{79FEFEC2-BE72-42FA-B7CF-3752E11FB942}.WAM Only Debug|Any CPU.ActiveCfg = Debug|Any CPU
		{79FEFEC2-BE72-42FA-B7CF-3752E11FB942}.WAM Only Debug|Any CPU.Build.0 = Debug|Any CPU
		{79FEFEC2-BE72-42FA-B7CF-3752E11FB942}.WAM Only Debug|x86.ActiveCfg = Debug|x86
		{79FEFEC2-BE72-42FA-B7CF-3752E11FB942}.WAM Only Debug|x86.Build.0 = Debug|x86
		{AD373B4A-A26B-4837-B3BE-973746FD524A}.Debug|Any CPU.ActiveCfg = Debug|x86
		{AD373B4A-A26B-4837-B3BE-973746FD524A}.Debug|Any CPU.Build.0 = Debug|x86
		{AD373B4A-A26B-4837-B3BE-973746FD524A}.Debug|x86.ActiveCfg = Debug|x86
		{AD373B4A-A26B-4837-B3BE-973746FD524A}.Debug|x86.Build.0 = Debug|x86
		{AD373B4A-A26B-4837-B3BE-973746FD524A}.Release|Any CPU.ActiveCfg = Release|Any CPU
		{AD373B4A-A26B-4837-B3BE-973746FD524A}.Release|Any CPU.Build.0 = Release|Any CPU
		{AD373B4A-A26B-4837-B3BE-973746FD524A}.Release|x86.ActiveCfg = Release|x86
		{AD373B4A-A26B-4837-B3BE-973746FD524A}.Release|x86.Build.0 = Release|x86
		{AD373B4A-A26B-4837-B3BE-973746FD524A}.WAM Only Debug|Any CPU.ActiveCfg = Debug|Any CPU
		{AD373B4A-A26B-4837-B3BE-973746FD524A}.WAM Only Debug|Any CPU.Build.0 = Debug|Any CPU
		{AD373B4A-A26B-4837-B3BE-973746FD524A}.WAM Only Debug|x86.ActiveCfg = Debug|x86
		{AD373B4A-A26B-4837-B3BE-973746FD524A}.WAM Only Debug|x86.Build.0 = Debug|x86
		{67D8A0CE-4D40-4961-B554-A167173DBF34}.Debug|Any CPU.ActiveCfg = Debug|x86
		{67D8A0CE-4D40-4961-B554-A167173DBF34}.Debug|Any CPU.Build.0 = Debug|x86
		{67D8A0CE-4D40-4961-B554-A167173DBF34}.Debug|x86.ActiveCfg = Debug|x86
		{67D8A0CE-4D40-4961-B554-A167173DBF34}.Debug|x86.Build.0 = Debug|x86
		{67D8A0CE-4D40-4961-B554-A167173DBF34}.Release|Any CPU.ActiveCfg = Release|Any CPU
		{67D8A0CE-4D40-4961-B554-A167173DBF34}.Release|Any CPU.Build.0 = Release|Any CPU
		{67D8A0CE-4D40-4961-B554-A167173DBF34}.Release|x86.ActiveCfg = Release|x86
		{67D8A0CE-4D40-4961-B554-A167173DBF34}.Release|x86.Build.0 = Release|x86
		{67D8A0CE-4D40-4961-B554-A167173DBF34}.WAM Only Debug|Any CPU.ActiveCfg = Debug|Any CPU
		{67D8A0CE-4D40-4961-B554-A167173DBF34}.WAM Only Debug|Any CPU.Build.0 = Debug|Any CPU
		{67D8A0CE-4D40-4961-B554-A167173DBF34}.WAM Only Debug|x86.ActiveCfg = Debug|x86
		{67D8A0CE-4D40-4961-B554-A167173DBF34}.WAM Only Debug|x86.Build.0 = Debug|x86
		{76BCC4DC-27CD-44BD-A935-1CB300C59D32}.Debug|Any CPU.ActiveCfg = Debug|x86
		{76BCC4DC-27CD-44BD-A935-1CB300C59D32}.Debug|Any CPU.Build.0 = Debug|x86
		{76BCC4DC-27CD-44BD-A935-1CB300C59D32}.Debug|x86.ActiveCfg = Debug|x86
		{76BCC4DC-27CD-44BD-A935-1CB300C59D32}.Debug|x86.Build.0 = Debug|x86
		{76BCC4DC-27CD-44BD-A935-1CB300C59D32}.Release|Any CPU.ActiveCfg = Release|x86
		{76BCC4DC-27CD-44BD-A935-1CB300C59D32}.Release|x86.ActiveCfg = Release|x86
		{76BCC4DC-27CD-44BD-A935-1CB300C59D32}.Release|x86.Build.0 = Release|x86
		{76BCC4DC-27CD-44BD-A935-1CB300C59D32}.WAM Only Debug|Any CPU.ActiveCfg = Debug|x86
		{76BCC4DC-27CD-44BD-A935-1CB300C59D32}.WAM Only Debug|x86.ActiveCfg = Debug|x86
		{76BCC4DC-27CD-44BD-A935-1CB300C59D32}.WAM Only Debug|x86.Build.0 = Debug|x86
	EndGlobalSection
	GlobalSection(SolutionProperties) = preSolution
		HideSolutionNode = FALSE
	EndGlobalSection
EndGlobal
